
Microsoft Visual Studio Solution File, Format Version 12.00
# Visual Studio 15
VisualStudioVersion = 15.0.28307.271
MinimumVisualStudioVersion = 10.0.40219.1
Project("{FAE04EC0-301F-11D3-BF4B-00C04F79EFBC}") = "Curso C Sharp Udemy 70-483", "Curso C Sharp Udemy 70-483\Curso C Sharp Udemy 70-483.csproj", "{783A6EB7-DF66-4C17-AE06-BC7C3EF308D7}"
EndProject
Project("{FAE04EC0-301F-11D3-BF4B-00C04F79EFBC}") = "Presentacion", "Presentacion\Presentacion.csproj", "{CC5F9936-8961-40FD-B60A-32A323E7ED8B}"
EndProject
Project("{FAE04EC0-301F-11D3-BF4B-00C04F79EFBC}") = "Musica", "Musica\Musica.csproj", "{CCC21CE8-51BB-4242-9282-1A77258412C9}"
EndProject
Project("{FAE04EC0-301F-11D3-BF4B-00C04F79EFBC}") = "Polimorfismo", "Polimorfismo\Polimorfismo.csproj", "{346146F7-637F-48C3-8535-968A010575E3}"
EndProject
Project("{FAE04EC0-301F-11D3-BF4B-00C04F79EFBC}") = "LecturaEscritura", "LecturaEscritura\LecturaEscritura.csproj", "{0B789F6A-8C12-4410-A35B-932655A4DED2}"
EndProject
Project("{FAE04EC0-301F-11D3-BF4B-00C04F79EFBC}") = "Hilos", "Hilos\Hilos.csproj", "{3717ABFF-1EA0-4D42-ADED-6A167DE979DC}"
EndProject
Project("{FAE04EC0-301F-11D3-BF4B-00C04F79EFBC}") = "Thread", "Thread\Thread.csproj", "{E4F787CC-4D1A-4150-9D98-37FC8B5DB68B}"
EndProject
Project("{FAE04EC0-301F-11D3-BF4B-00C04F79EFBC}") = "Linq", "Linq\Linq.csproj", "{B799C174-0C11-4659-AF7A-BF451EC8692D}"
EndProject
Project("{FAE04EC0-301F-11D3-BF4B-00C04F79EFBC}") = "OperadoresConsulta", "OperadoresConsulta\OperadoresConsulta.csproj", "{29CF2E23-1A24-41E0-81C4-BD238B9D8F61}"
EndProject
Project("{FAE04EC0-301F-11D3-BF4B-00C04F79EFBC}") = "ConexionRemota", "ConexionRemota\ConexionRemota.csproj", "{318E5F5A-E99E-409C-81C0-D77AF3BDC91E}"
EndProject
Project("{FAE04EC0-301F-11D3-BF4B-00C04F79EFBC}") = "Cliente", "Cliente\Cliente.csproj", "{1F05003A-AA40-493A-96C5-CB9732ABF586}"
EndProject
Project("{FAE04EC0-301F-11D3-BF4B-00C04F79EFBC}") = "Servidor", "Servidor\Servidor.csproj", "{416E53FA-D9D2-475D-AB24-4D41B1D7F787}"
EndProject
Project("{FAE04EC0-301F-11D3-BF4B-00C04F79EFBC}") = "Libreria", "Libreria\Libreria.csproj", "{23E07928-87C0-4BF5-A4DD-346E2E4F2603}"
EndProject
Project("{FAE04EC0-301F-11D3-BF4B-00C04F79EFBC}") = "Presentacion02", "Presentacion02\Presentacion02.csproj", "{6A725C56-8F17-41AF-99AB-2FB7C4D01B47}"
EndProject
Project("{FAE04EC0-301F-11D3-BF4B-00C04F79EFBC}") = "CriptoSimetrico", "CriptoSimetrico\CriptoSimetrico.csproj", "{F335631E-05A5-4DA7-B9B8-145B51800AC8}"
EndProject
Project("{FAE04EC0-301F-11D3-BF4B-00C04F79EFBC}") = "CriptoAsimetrico", "CriptoAsimetrico\CriptoAsimetrico.csproj", "{F4366B92-4815-4AD3-9F8B-B11340802387}"
EndProject
Project("{FAE04EC0-301F-11D3-BF4B-00C04F79EFBC}") = "Delegados", "Delegados\Delegados.csproj", "{BE009326-0FAD-4B0A-99F7-9B6DD7D28C16}"
EndProject
Project("{FAE04EC0-301F-11D3-BF4B-00C04F79EFBC}") = "Lambda", "Lambda\Lambda.csproj", "{9F8B2773-74C1-4CE6-92CE-AE72A9C4F617}"
EndProject
Project("{FAE04EC0-301F-11D3-BF4B-00C04F79EFBC}") = "MetodosAnonimos", "MetodosAnonimos\MetodosAnonimos.csproj", "{C3166767-5873-462D-9046-9D4C20E7D5A3}"
EndProject
Project("{FAE04EC0-301F-11D3-BF4B-00C04F79EFBC}") = "Eventos", "Eventos\Eventos.csproj", "{0EC9298E-6D19-4AE9-BAE1-B021EACC9303}"
EndProject
Project("{FAE04EC0-301F-11D3-BF4B-00C04F79EFBC}") = "Task01", "Task01\Task01.csproj", "{05560460-EDD4-40F2-A278-075828955CA3}"
EndProject
Project("{FAE04EC0-301F-11D3-BF4B-00C04F79EFBC}") = "AyncAwait", "AyncAwait\AyncAwait.csproj", "{84EE1328-92BA-4A2E-B50B-F64F59C6E34C}"
EndProject
Project("{FAE04EC0-301F-11D3-BF4B-00C04F79EFBC}") = "XmlDom", "XmlDom\XmlDom.csproj", "{6E1103C2-A77A-417C-B5EE-6C9BD66413F3}"
EndProject
Global
	GlobalSection(SolutionConfigurationPlatforms) = preSolution
		Debug|Any CPU = Debug|Any CPU
		Release|Any CPU = Release|Any CPU
	EndGlobalSection
	GlobalSection(ProjectConfigurationPlatforms) = postSolution
		{783A6EB7-DF66-4C17-AE06-BC7C3EF308D7}.Debug|Any CPU.ActiveCfg = Debug|Any CPU
		{783A6EB7-DF66-4C17-AE06-BC7C3EF308D7}.Debug|Any CPU.Build.0 = Debug|Any CPU
		{783A6EB7-DF66-4C17-AE06-BC7C3EF308D7}.Release|Any CPU.ActiveCfg = Release|Any CPU
		{783A6EB7-DF66-4C17-AE06-BC7C3EF308D7}.Release|Any CPU.Build.0 = Release|Any CPU
		{CC5F9936-8961-40FD-B60A-32A323E7ED8B}.Debug|Any CPU.ActiveCfg = Debug|Any CPU
		{CC5F9936-8961-40FD-B60A-32A323E7ED8B}.Debug|Any CPU.Build.0 = Debug|Any CPU
		{CC5F9936-8961-40FD-B60A-32A323E7ED8B}.Release|Any CPU.ActiveCfg = Release|Any CPU
		{CC5F9936-8961-40FD-B60A-32A323E7ED8B}.Release|Any CPU.Build.0 = Release|Any CPU
		{CCC21CE8-51BB-4242-9282-1A77258412C9}.Debug|Any CPU.ActiveCfg = Debug|Any CPU
		{CCC21CE8-51BB-4242-9282-1A77258412C9}.Debug|Any CPU.Build.0 = Debug|Any CPU
		{CCC21CE8-51BB-4242-9282-1A77258412C9}.Release|Any CPU.ActiveCfg = Release|Any CPU
		{CCC21CE8-51BB-4242-9282-1A77258412C9}.Release|Any CPU.Build.0 = Release|Any CPU
		{346146F7-637F-48C3-8535-968A010575E3}.Debug|Any CPU.ActiveCfg = Debug|Any CPU
		{346146F7-637F-48C3-8535-968A010575E3}.Debug|Any CPU.Build.0 = Debug|Any CPU
		{346146F7-637F-48C3-8535-968A010575E3}.Release|Any CPU.ActiveCfg = Release|Any CPU
		{346146F7-637F-48C3-8535-968A010575E3}.Release|Any CPU.Build.0 = Release|Any CPU
		{0B789F6A-8C12-4410-A35B-932655A4DED2}.Debug|Any CPU.ActiveCfg = Debug|Any CPU
		{0B789F6A-8C12-4410-A35B-932655A4DED2}.Debug|Any CPU.Build.0 = Debug|Any CPU
		{0B789F6A-8C12-4410-A35B-932655A4DED2}.Release|Any CPU.ActiveCfg = Release|Any CPU
		{0B789F6A-8C12-4410-A35B-932655A4DED2}.Release|Any CPU.Build.0 = Release|Any CPU
		{3717ABFF-1EA0-4D42-ADED-6A167DE979DC}.Debug|Any CPU.ActiveCfg = Debug|Any CPU
		{3717ABFF-1EA0-4D42-ADED-6A167DE979DC}.Debug|Any CPU.Build.0 = Debug|Any CPU
		{3717ABFF-1EA0-4D42-ADED-6A167DE979DC}.Release|Any CPU.ActiveCfg = Release|Any CPU
		{3717ABFF-1EA0-4D42-ADED-6A167DE979DC}.Release|Any CPU.Build.0 = Release|Any CPU
		{E4F787CC-4D1A-4150-9D98-37FC8B5DB68B}.Debug|Any CPU.ActiveCfg = Debug|Any CPU
		{E4F787CC-4D1A-4150-9D98-37FC8B5DB68B}.Debug|Any CPU.Build.0 = Debug|Any CPU
		{E4F787CC-4D1A-4150-9D98-37FC8B5DB68B}.Release|Any CPU.ActiveCfg = Release|Any CPU
		{E4F787CC-4D1A-4150-9D98-37FC8B5DB68B}.Release|Any CPU.Build.0 = Release|Any CPU
		{B799C174-0C11-4659-AF7A-BF451EC8692D}.Debug|Any CPU.ActiveCfg = Debug|Any CPU
		{B799C174-0C11-4659-AF7A-BF451EC8692D}.Debug|Any CPU.Build.0 = Debug|Any CPU
		{B799C174-0C11-4659-AF7A-BF451EC8692D}.Release|Any CPU.ActiveCfg = Release|Any CPU
		{B799C174-0C11-4659-AF7A-BF451EC8692D}.Release|Any CPU.Build.0 = Release|Any CPU
		{29CF2E23-1A24-41E0-81C4-BD238B9D8F61}.Debug|Any CPU.ActiveCfg = Debug|Any CPU
		{29CF2E23-1A24-41E0-81C4-BD238B9D8F61}.Debug|Any CPU.Build.0 = Debug|Any CPU
		{29CF2E23-1A24-41E0-81C4-BD238B9D8F61}.Release|Any CPU.ActiveCfg = Release|Any CPU
		{29CF2E23-1A24-41E0-81C4-BD238B9D8F61}.Release|Any CPU.Build.0 = Release|Any CPU
		{318E5F5A-E99E-409C-81C0-D77AF3BDC91E}.Debug|Any CPU.ActiveCfg = Debug|Any CPU
		{318E5F5A-E99E-409C-81C0-D77AF3BDC91E}.Debug|Any CPU.Build.0 = Debug|Any CPU
		{318E5F5A-E99E-409C-81C0-D77AF3BDC91E}.Release|Any CPU.ActiveCfg = Release|Any CPU
		{318E5F5A-E99E-409C-81C0-D77AF3BDC91E}.Release|Any CPU.Build.0 = Release|Any CPU
		{1F05003A-AA40-493A-96C5-CB9732ABF586}.Debug|Any CPU.ActiveCfg = Debug|Any CPU
		{1F05003A-AA40-493A-96C5-CB9732ABF586}.Debug|Any CPU.Build.0 = Debug|Any CPU
		{1F05003A-AA40-493A-96C5-CB9732ABF586}.Release|Any CPU.ActiveCfg = Release|Any CPU
		{1F05003A-AA40-493A-96C5-CB9732ABF586}.Release|Any CPU.Build.0 = Release|Any CPU
		{416E53FA-D9D2-475D-AB24-4D41B1D7F787}.Debug|Any CPU.ActiveCfg = Debug|Any CPU
		{416E53FA-D9D2-475D-AB24-4D41B1D7F787}.Debug|Any CPU.Build.0 = Debug|Any CPU
		{416E53FA-D9D2-475D-AB24-4D41B1D7F787}.Release|Any CPU.ActiveCfg = Release|Any CPU
		{416E53FA-D9D2-475D-AB24-4D41B1D7F787}.Release|Any CPU.Build.0 = Release|Any CPU
		{23E07928-87C0-4BF5-A4DD-346E2E4F2603}.Debug|Any CPU.ActiveCfg = Debug|Any CPU
		{23E07928-87C0-4BF5-A4DD-346E2E4F2603}.Debug|Any CPU.Build.0 = Debug|Any CPU
		{23E07928-87C0-4BF5-A4DD-346E2E4F2603}.Release|Any CPU.ActiveCfg = Release|Any CPU
		{23E07928-87C0-4BF5-A4DD-346E2E4F2603}.Release|Any CPU.Build.0 = Release|Any CPU
		{6A725C56-8F17-41AF-99AB-2FB7C4D01B47}.Debug|Any CPU.ActiveCfg = Debug|Any CPU
		{6A725C56-8F17-41AF-99AB-2FB7C4D01B47}.Debug|Any CPU.Build.0 = Debug|Any CPU
		{6A725C56-8F17-41AF-99AB-2FB7C4D01B47}.Release|Any CPU.ActiveCfg = Release|Any CPU
		{6A725C56-8F17-41AF-99AB-2FB7C4D01B47}.Release|Any CPU.Build.0 = Release|Any CPU
		{F335631E-05A5-4DA7-B9B8-145B51800AC8}.Debug|Any CPU.ActiveCfg = Debug|Any CPU
		{F335631E-05A5-4DA7-B9B8-145B51800AC8}.Debug|Any CPU.Build.0 = Debug|Any CPU
		{F335631E-05A5-4DA7-B9B8-145B51800AC8}.Release|Any CPU.ActiveCfg = Release|Any CPU
		{F335631E-05A5-4DA7-B9B8-145B51800AC8}.Release|Any CPU.Build.0 = Release|Any CPU
		{F4366B92-4815-4AD3-9F8B-B11340802387}.Debug|Any CPU.ActiveCfg = Debug|Any CPU
		{F4366B92-4815-4AD3-9F8B-B11340802387}.Debug|Any CPU.Build.0 = Debug|Any CPU
		{F4366B92-4815-4AD3-9F8B-B11340802387}.Release|Any CPU.ActiveCfg = Release|Any CPU
		{F4366B92-4815-4AD3-9F8B-B11340802387}.Release|Any CPU.Build.0 = Release|Any CPU
		{BE009326-0FAD-4B0A-99F7-9B6DD7D28C16}.Debug|Any CPU.ActiveCfg = Debug|Any CPU
		{BE009326-0FAD-4B0A-99F7-9B6DD7D28C16}.Debug|Any CPU.Build.0 = Debug|Any CPU
		{BE009326-0FAD-4B0A-99F7-9B6DD7D28C16}.Release|Any CPU.ActiveCfg = Release|Any CPU
		{BE009326-0FAD-4B0A-99F7-9B6DD7D28C16}.Release|Any CPU.Build.0 = Release|Any CPU
		{9F8B2773-74C1-4CE6-92CE-AE72A9C4F617}.Debug|Any CPU.ActiveCfg = Debug|Any CPU
		{9F8B2773-74C1-4CE6-92CE-AE72A9C4F617}.Debug|Any CPU.Build.0 = Debug|Any CPU
		{9F8B2773-74C1-4CE6-92CE-AE72A9C4F617}.Release|Any CPU.ActiveCfg = Release|Any CPU
		{9F8B2773-74C1-4CE6-92CE-AE72A9C4F617}.Release|Any CPU.Build.0 = Release|Any CPU
		{C3166767-5873-462D-9046-9D4C20E7D5A3}.Debug|Any CPU.ActiveCfg = Debug|Any CPU
		{C3166767-5873-462D-9046-9D4C20E7D5A3}.Debug|Any CPU.Build.0 = Debug|Any CPU
		{C3166767-5873-462D-9046-9D4C20E7D5A3}.Release|Any CPU.ActiveCfg = Release|Any CPU
		{C3166767-5873-462D-9046-9D4C20E7D5A3}.Release|Any CPU.Build.0 = Release|Any CPU
		{0EC9298E-6D19-4AE9-BAE1-B021EACC9303}.Debug|Any CPU.ActiveCfg = Debug|Any CPU
		{0EC9298E-6D19-4AE9-BAE1-B021EACC9303}.Debug|Any CPU.Build.0 = Debug|Any CPU
		{0EC9298E-6D19-4AE9-BAE1-B021EACC9303}.Release|Any CPU.ActiveCfg = Release|Any CPU
		{0EC9298E-6D19-4AE9-BAE1-B021EACC9303}.Release|Any CPU.Build.0 = Release|Any CPU
		{05560460-EDD4-40F2-A278-075828955CA3}.Debug|Any CPU.ActiveCfg = Debug|Any CPU
		{05560460-EDD4-40F2-A278-075828955CA3}.Debug|Any CPU.Build.0 = Debug|Any CPU
		{05560460-EDD4-40F2-A278-075828955CA3}.Release|Any CPU.ActiveCfg = Release|Any CPU
		{05560460-EDD4-40F2-A278-075828955CA3}.Release|Any CPU.Build.0 = Release|Any CPU
		{84EE1328-92BA-4A2E-B50B-F64F59C6E34C}.Debug|Any CPU.ActiveCfg = Debug|Any CPU
		{84EE1328-92BA-4A2E-B50B-F64F59C6E34C}.Debug|Any CPU.Build.0 = Debug|Any CPU
		{84EE1328-92BA-4A2E-B50B-F64F59C6E34C}.Release|Any CPU.ActiveCfg = Release|Any CPU
		{84EE1328-92BA-4A2E-B50B-F64F59C6E34C}.Release|Any CPU.Build.0 = Release|Any CPU
		{6E1103C2-A77A-417C-B5EE-6C9BD66413F3}.Debug|Any CPU.ActiveCfg = Debug|Any CPU
		{6E1103C2-A77A-417C-B5EE-6C9BD66413F3}.Debug|Any CPU.Build.0 = Debug|Any CPU
		{6E1103C2-A77A-417C-B5EE-6C9BD66413F3}.Release|Any CPU.ActiveCfg = Release|Any CPU
		{6E1103C2-A77A-417C-B5EE-6C9BD66413F3}.Release|Any CPU.Build.0 = Release|Any CPU
	EndGlobalSection
	GlobalSection(SolutionProperties) = preSolution
		HideSolutionNode = FALSE
	EndGlobalSection
	GlobalSection(ExtensibilityGlobals) = postSolution
		SolutionGuid = {57698BA5-2AB3-4FE6-BC0E-9A62CDE3DC2D}
	EndGlobalSection
EndGlobal
